Microsoft Visual Studio Solution File, Format Version 12.00
# Visual Studio Version 17
VisualStudioVersion = 17.5.2.0
MinimumVisualStudioVersion = 10.0.40219.1
Project("{FAE04EC0-301F-11D3-BF4B-00C04F79EFBC}") = "ClothingWebApp", "ClothingWebApp.csproj", "{03F104D8-A1C5-7E09-6942-9F4B09006C13}"
EndProject
Global
	GlobalSection(SolutionConfigurationPlatforms) = preSolution
		Debug|Any CPU = Debug|Any CPU
		Release|Any CPU = Release|Any CPU
	EndGlobalSection
	GlobalSection(ProjectConfigurationPlatforms) = postSolution
		{03F104D8-A1C5-7E09-6942-9F4B09006C13}.Debug|Any CPU.ActiveCfg = Debug|Any CPU
		{03F104D8-A1C5-7E09-6942-9F4B09006C13}.Debug|Any CPU.Build.0 = Debug|Any CPU
		{03F104D8-A1C5-7E09-6942-9F4B09006C13}.Release|Any CPU.ActiveCfg = Release|Any CPU
		{03F104D8-A1C5-7E09-6942-9F4B09006C13}.Release|Any CPU.Build.0 = Release|Any CPU
	EndGlobalSection
	GlobalSection(SolutionProperties) = preSolution
		HideSolutionNode = FALSE
	EndGlobalSection
	GlobalSection(ExtensibilityGlobals) = postSolution
		SolutionGuid = {925ED14C-F918-443F-B808-38D046C29296}
	EndGlobalSection
EndGlobal
